
Microsoft Visual Studio Solution File, Format Version 12.00
# Visual Studio 15
VisualStudioVersion = 15.0.27130.2027
MinimumVisualStudioVersion = 10.0.40219.1
Project("{FAE04EC0-301F-11D3-BF4B-00C04F79EFBC}") = "KimzWpfCommon", "KimzWpfCommon\KimzWpfCommon.csproj", "{7963ABB9-CE5D-40E6-865E-EA764497BEFD}"
EndProject
Global
	GlobalSection(SolutionConfigurationPlatforms) = preSolution
		Debug|Any CPU = Debug|Any CPU
		Release|Any CPU = Release|Any CPU
	EndGlobalSection
	GlobalSection(ProjectConfigurationPlatforms) = postSolution
		{7963ABB9-CE5D-40E6-865E-EA764497BEFD}.Debug|Any CPU.ActiveCfg = Debug|Any CPU
		{7963ABB9-CE5D-40E6-865E-EA764497BEFD}.Debug|Any CPU.Build.0 = Debug|Any CPU
		{7963ABB9-CE5D-40E6-865E-EA764497BEFD}.Release|Any CPU.ActiveCfg = Release|Any CPU
		{7963ABB9-CE5D-40E6-865E-EA764497BEFD}.Release|Any CPU.Build.0 = Release|Any CPU
	EndGlobalSection
	GlobalSection(SolutionProperties) = preSolution
		HideSolutionNode = FALSE
	EndGlobalSection
	GlobalSection(ExtensibilityGlobals) = postSolution
		SolutionGuid = {FA1DDBC9-626A-4C5A-B84D-4A21A15B8D8A}
	EndGlobalSection
EndGlobal
